
Microsoft Visual Studio Solution File, Format Version 12.00
# Visual Studio Version 17
VisualStudioVersion = 17.10.35122.118
MinimumVisualStudioVersion = 10.0.40219.1
Project("{FAE04EC0-301F-11D3-BF4B-00C04F79EFBC}") = "JobApplication", "JobApplication\JobApplication.csproj", "{02CCC580-6691-4BE0-9DCF-DD67A5E11D13}"
EndProject
Project("{9A19103F-16F7-4668-BE54-9A1E7A4F7556}") = "BusinessLogic", "BusinessLogic\BusinessLogic.csproj", "{C49AC556-ABFA-4F86-B30F-06603BF0C3FE}"
EndProject
Global
	GlobalSection(SolutionConfigurationPlatforms) = preSolution
		Debug|Any CPU = Debug|Any CPU
		Release|Any CPU = Release|Any CPU
	EndGlobalSection
	GlobalSection(ProjectConfigurationPlatforms) = postSolution
		{02CCC580-6691-4BE0-9DCF-DD67A5E11D13}.Debug|Any CPU.ActiveCfg = Debug|Any CPU
		{02CCC580-6691-4BE0-9DCF-DD67A5E11D13}.Debug|Any CPU.Build.0 = Debug|Any CPU
		{02CCC580-6691-4BE0-9DCF-DD67A5E11D13}.Release|Any CPU.ActiveCfg = Release|Any CPU
		{02CCC580-6691-4BE0-9DCF-DD67A5E11D13}.Release|Any CPU.Build.0 = Release|Any CPU
		{C49AC556-ABFA-4F86-B30F-06603BF0C3FE}.Debug|Any CPU.ActiveCfg = Debug|Any CPU
		{C49AC556-ABFA-4F86-B30F-06603BF0C3FE}.Debug|Any CPU.Build.0 = Debug|Any CPU
		{C49AC556-ABFA-4F86-B30F-06603BF0C3FE}.Release|Any CPU.ActiveCfg = Release|Any CPU
		{C49AC556-ABFA-4F86-B30F-06603BF0C3FE}.Release|Any CPU.Build.0 = Release|Any CPU
	EndGlobalSection
	GlobalSection(SolutionProperties) = preSolution
		HideSolutionNode = FALSE
	EndGlobalSection
	GlobalSection(ExtensibilityGlobals) = postSolution
		SolutionGuid = {0EDE3906-5560-4F7B-A004-F7731C62E5E0}
	EndGlobalSection
EndGlobal
